{
  "lockfile_version": "1",
  "packages": {
    "commitizen@4.8.3": {
      "last_modified": "2025-09-18T16:33:27Z",
      "resolved": "github:NixOS/nixpkgs/f4b140d5b253f5e2a1ff4e5506edbf8267724bde#commitizen",
      "source": "devbox-search",
      "version": "4.8.3",
      "systems": {
        "aarch64-darwin": {
          "outputs": [
            {
              "name": "out",
              "path": "/nix/store/1v81p91n1jq8fgfpv3a0qni2mncjysp8-python3.13-commitizen-4.8.3",
              "default": true
            },
            {
              "name": "dist",
              "path": "/nix/store/0h8vxb6n5drznwxikz0jzsrd77sg3sjv-python3.13-commitizen-4.8.3-dist"
            }
          ],
          "store_path": "/nix/store/1v81p91n1jq8fgfpv3a0qni2mncjysp8-python3.13-commitizen-4.8.3"
        },
        "aarch64-linux": {
          "outputs": [
            {
              "name": "out",
              "path": "/nix/store/llr4gy3v48kz14vkgygw85h38mf3j1pd-python3.13-commitizen-4.8.3",
              "default": true
            },
            {
              "name": "dist",
              "path": "/nix/store/z10an4kqg3b4kjghjw60dssrl5zz6hb0-python3.13-commitizen-4.8.3-dist"
            }
          ],
          "store_path": "/nix/store/llr4gy3v48kz14vkgygw85h38mf3j1pd-python3.13-commitizen-4.8.3"
        },
        "x86_64-darwin": {
          "outputs": [
            {
              "name": "out",
              "path": "/nix/store/73jwnprga8kx3hh9l0c1n3syl6caw0nz-python3.13-commitizen-4.8.3",
              "default": true
            },
            {
              "name": "dist",
              "path": "/nix/store/addbrib0rlya3gnqzmbfkgx58105l5an-python3.13-commitizen-4.8.3-dist"
            }
          ],
          "store_path": "/nix/store/73jwnprga8kx3hh9l0c1n3syl6caw0nz-python3.13-commitizen-4.8.3"
        },
        "x86_64-linux": {
          "outputs": [
            {
              "name": "out",
              "path": "/nix/store/x8q0kgc9dpqijbhy6lzjydxff9f9kg67-python3.13-commitizen-4.8.3",
              "default": true
            },
            {
              "name": "dist",
              "path": "/nix/store/r3kx5vm7fg0z2nlam20p6l8zc6fyd52r-python3.13-commitizen-4.8.3-dist"
            }
          ],
          "store_path": "/nix/store/x8q0kgc9dpqijbhy6lzjydxff9f9kg67-python3.13-commitizen-4.8.3"
        }
      }
    },
    "github:NixOS/nixpkgs/nixpkgs-unstable": {
      "last_modified": "2025-10-09T02:37:25Z",
      "resolved": "github:NixOS/nixpkgs/2dad7af78a183b6c486702c18af8a9544f298377?lastModified=1759977445&narHash=sha256-LYr4IDfuihCkFAkSYz5%2F%2FgT2r1ewcWBYgd5AxPzPLIo%3D"
    },
    "nodejs_24@24.12.0": {
      "last_modified": "2025-12-29T16:45:58Z",
      "plugin_version": "0.0.4",
      "resolved": "github:NixOS/nixpkgs/346dd96ad74dc4457a9db9de4f4f57dab2e5731d#nodejs_24",
      "source": "devbox-search",
      "version": "24.12.0",
      "systems": {
        "aarch64-darwin": {
          "outputs": [
            {
              "name": "out",
              "path": "/nix/store/b1h0af3yb3z9jz048phclcqw6ihiww67-nodejs-24.12.0",
              "default": true
            },
            {
              "name": "dev",
              "path": "/nix/store/ksn4nj0nbp0ikmh4scy9x4biqqdswwhy-nodejs-24.12.0-dev"
            },
            {
              "name": "libv8",
              "path": "/nix/store/3x72bm7l30ib7l7cximrp0sklcq8jqwy-nodejs-24.12.0-libv8"
            }
          ],
          "store_path": "/nix/store/b1h0af3yb3z9jz048phclcqw6ihiww67-nodejs-24.12.0"
        },
        "aarch64-linux": {
          "outputs": [
            {
              "name": "out",
              "path": "/nix/store/9jfsyhcr9c6rpm94lrkibv75jkggvwss-nodejs-24.12.0",
              "default": true
            },
            {
              "name": "dev",
              "path": "/nix/store/7izhv9x1yvsmyrhmmyps6bxjjclajm80-nodejs-24.12.0-dev"
            },
            {
              "name": "libv8",
              "path": "/nix/store/8hl74pnc1qyz68rg10ixw7fz32hcxqkk-nodejs-24.12.0-libv8"
            }
          ],
          "store_path": "/nix/store/9jfsyhcr9c6rpm94lrkibv75jkggvwss-nodejs-24.12.0"
        },
        "x86_64-darwin": {
          "outputs": [
            {
              "name": "out",
              "path": "/nix/store/cj1243xswxvnwgifyiyg8axhn0r2vl48-nodejs-24.12.0",
              "default": true
            },
            {
              "name": "dev",
              "path": "/nix/store/kzia3rkaf9vwpn3py23q9v49jpjm6zx7-nodejs-24.12.0-dev"
            },
            {
              "name": "libv8",
              "path": "/nix/store/xszji81xj7ghjhz7jk0jkhb84nfwyd8f-nodejs-24.12.0-libv8"
            }
          ],
          "store_path": "/nix/store/cj1243xswxvnwgifyiyg8axhn0r2vl48-nodejs-24.12.0"
        },
        "x86_64-linux": {
          "outputs": [
            {
              "name": "out",
              "path": "/nix/store/9z1v3wyrxp6fpyzw21lcakd5w7aknzyc-nodejs-24.12.0",
              "default": true
            },
            {
              "name": "libv8",
              "path": "/nix/store/5yvx909wlis13qd2y1ahwl7ij21ma69a-nodejs-24.12.0-libv8"
            },
            {
              "name": "dev",
              "path": "/nix/store/7ll99p08gmpg0n048669p80zjibl5akr-nodejs-24.12.0-dev"
            }
          ],
          "store_path": "/nix/store/9z1v3wyrxp6fpyzw21lcakd5w7aknzyc-nodejs-24.12.0"
        }
      }
    },
    "pre-commit@latest": {
      "last_modified": "2025-09-18T16:33:27Z",
      "resolved": "github:NixOS/nixpkgs/f4b140d5b253f5e2a1ff4e5506edbf8267724bde#pre-commit",
      "source": "devbox-search",
      "version": "4.3.0",
      "systems": {
        "aarch64-darwin": {
          "outputs": [
            {
              "name": "out",
              "path": "/nix/store/i2y7jkijwc5f0ly9w7pb5nsnib2mlm3v-pre-commit-4.3.0",
              "default": true
            },
            {
              "name": "dist",
              "path": "/nix/store/r65b8k7p52fcw1lnaw560wnswn7sq5l9-pre-commit-4.3.0-dist"
            }
          ],
          "store_path": "/nix/store/i2y7jkijwc5f0ly9w7pb5nsnib2mlm3v-pre-commit-4.3.0"
        },
        "aarch64-linux": {
          "outputs": [
            {
              "name": "out",
              "path": "/nix/store/053lk2khq3v7p8sqx84whzhlb429g6gm-pre-commit-4.3.0",
              "default": true
            },
            {
              "name": "dist",
              "path": "/nix/store/dfm1bdbsvw4qd214972h81fw8g5fpdjc-pre-commit-4.3.0-dist"
            }
          ],
          "store_path": "/nix/store/053lk2khq3v7p8sqx84whzhlb429g6gm-pre-commit-4.3.0"
        },
        "x86_64-darwin": {
          "outputs": [
            {
              "name": "out",
              "path": "/nix/store/j79nsa5j79wmq3jf4kwizaldr5fm82mv-pre-commit-4.3.0",
              "default": true
            },
            {
              "name": "dist",
              "path": "/nix/store/drb2rm5vz0632ydd6m4xwkpcj6j01w4q-pre-commit-4.3.0-dist"
            }
          ],
          "store_path": "/nix/store/j79nsa5j79wmq3jf4kwizaldr5fm82mv-pre-commit-4.3.0"
        },
        "x86_64-linux": {
          "outputs": [
            {
              "name": "out",
              "path": "/nix/store/0ybak1vc0vafqfy5dwyb5biaxr98f3kn-pre-commit-4.3.0",
              "default": true
            },
            {
              "name": "dist",
              "path": "/nix/store/7ni86x0z72zq3r5kyyixy52vsgz8rn3g-pre-commit-4.3.0-dist"
            }
          ],
          "store_path": "/nix/store/0ybak1vc0vafqfy5dwyb5biaxr98f3kn-pre-commit-4.3.0"
        }
      }
    },
    "python@latest": {
      "last_modified": "2025-05-16T20:19:48Z",
      "plugin_version": "0.0.5",
      "resolved": "github:NixOS/nixpkgs/12a55407652e04dcf2309436eb06fef0d3713ef3#python313",
      "source": "devbox-search",
      "version": "3.13.3",
      "systems": {
        "aarch64-darwin": {
          "outputs": [
            {
              "name": "out",
              "path": "/nix/store/1a8xg8l3m67hxinxzzcsak9736qm9vsf-python3-3.13.3",
              "default": true
            }
          ],
          "store_path": "/nix/store/1a8xg8l3m67hxinxzzcsak9736qm9vsf-python3-3.13.3"
        },
        "aarch64-linux": {
          "outputs": [
            {
              "name": "out",
              "path": "/nix/store/yy0xvc2rydhrs0h1v8d7r3sql347xzz5-python3-3.13.3",
              "default": true
            },
            {
              "name": "debug",
              "path": "/nix/store/42bxfqfrh8cwspl7szr0cw8739xv8qlq-python3-3.13.3-debug"
            }
          ],
          "store_path": "/nix/store/yy0xvc2rydhrs0h1v8d7r3sql347xzz5-python3-3.13.3"
        },
        "x86_64-darwin": {
          "outputs": [
            {
              "name": "out",
              "path": "/nix/store/gbrigjhghz9v2p0zf9b2fnvs0g0yx7q4-python3-3.13.3",
              "default": true
            }
          ],
          "store_path": "/nix/store/gbrigjhghz9v2p0zf9b2fnvs0g0yx7q4-python3-3.13.3"
        },
        "x86_64-linux": {
          "outputs": [
            {
              "name": "out",
              "path": "/nix/store/2mab9iiwhcqwk75qwvp3zv0bvbiaq6cs-python3-3.13.3",
              "default": true
            },
            {
              "name": "debug",
              "path": "/nix/store/9z6k8ijl2md0y2n95yprbjj4vxbfsi15-python3-3.13.3-debug"
            }
          ],
          "store_path": "/nix/store/2mab9iiwhcqwk75qwvp3zv0bvbiaq6cs-python3-3.13.3"
        }
      }
    },
    "yarn@latest": {
      "last_modified": "2025-09-18T16:33:27Z",
      "resolved": "github:NixOS/nixpkgs/f4b140d5b253f5e2a1ff4e5506edbf8267724bde#yarn",
      "source": "devbox-search",
      "version": "1.22.22",
      "systems": {
        "aarch64-darwin": {
          "outputs": [
            {
              "name": "out",
              "path": "/nix/store/xskm9v0hn2chkhs965lc2l0inxw80l5y-yarn-1.22.22",
              "default": true
            }
          ],
          "store_path": "/nix/store/xskm9v0hn2chkhs965lc2l0inxw80l5y-yarn-1.22.22"
        },
        "aarch64-linux": {
          "outputs": [
            {
              "name": "out",
              "path": "/nix/store/367km1vp9ffpvq8xyyq94yci373dxqh3-yarn-1.22.22",
              "default": true
            }
          ],
          "store_path": "/nix/store/367km1vp9ffpvq8xyyq94yci373dxqh3-yarn-1.22.22"
        },
        "x86_64-darwin": {
          "outputs": [
            {
              "name": "out",
              "path": "/nix/store/2mfi6zyzwai51bf0qklp7z6af3lvvfz9-yarn-1.22.22",
              "default": true
            }
          ],
          "store_path": "/nix/store/2mfi6zyzwai51bf0qklp7z6af3lvvfz9-yarn-1.22.22"
        },
        "x86_64-linux": {
          "outputs": [
            {
              "name": "out",
              "path": "/nix/store/gc3fimj5cl8wviqdqdy9y6h9jdyasrlf-yarn-1.22.22",
              "default": true
            }
          ],
          "store_path": "/nix/store/gc3fimj5cl8wviqdqdy9y6h9jdyasrlf-yarn-1.22.22"
        }
      }
    }
  }
}
