{
  "lockfile_version": "1",
  "packages": {
    "commitizen@4.8.3": {
      "last_modified": "2025-09-18T16:33:27Z",
      "resolved": "github:NixOS/nixpkgs/f4b140d5b253f5e2a1ff4e5506edbf8267724bde#commitizen",
      "source": "devbox-search",
      "version": "4.8.3",
      "systems": {
        "aarch64-darwin": {
          "outputs": [
            {
              "name": "out",
              "path": "/nix/store/1v81p91n1jq8fgfpv3a0qni2mncjysp8-python3.13-commitizen-4.8.3",
              "default": true
            },
            {
              "name": "dist",
              "path": "/nix/store/0h8vxb6n5drznwxikz0jzsrd77sg3sjv-python3.13-commitizen-4.8.3-dist"
            }
          ],
          "store_path": "/nix/store/1v81p91n1jq8fgfpv3a0qni2mncjysp8-python3.13-commitizen-4.8.3"
        },
        "aarch64-linux": {
          "outputs": [
            {
              "name": "out",
              "path": "/nix/store/llr4gy3v48kz14vkgygw85h38mf3j1pd-python3.13-commitizen-4.8.3",
              "default": true
            },
            {
              "name": "dist",
              "path": "/nix/store/z10an4kqg3b4kjghjw60dssrl5zz6hb0-python3.13-commitizen-4.8.3-dist"
            }
          ],
          "store_path": "/nix/store/llr4gy3v48kz14vkgygw85h38mf3j1pd-python3.13-commitizen-4.8.3"
        },
        "x86_64-darwin": {
          "outputs": [
            {
              "name": "out",
              "path": "/nix/store/73jwnprga8kx3hh9l0c1n3syl6caw0nz-python3.13-commitizen-4.8.3",
              "default": true
            },
            {
              "name": "dist",
              "path": "/nix/store/addbrib0rlya3gnqzmbfkgx58105l5an-python3.13-commitizen-4.8.3-dist"
            }
          ],
          "store_path": "/nix/store/73jwnprga8kx3hh9l0c1n3syl6caw0nz-python3.13-commitizen-4.8.3"
        },
        "x86_64-linux": {
          "outputs": [
            {
              "name": "out",
              "path": "/nix/store/x8q0kgc9dpqijbhy6lzjydxff9f9kg67-python3.13-commitizen-4.8.3",
              "default": true
            },
            {
              "name": "dist",
              "path": "/nix/store/r3kx5vm7fg0z2nlam20p6l8zc6fyd52r-python3.13-commitizen-4.8.3-dist"
            }
          ],
          "store_path": "/nix/store/x8q0kgc9dpqijbhy6lzjydxff9f9kg67-python3.13-commitizen-4.8.3"
        }
      }
    },
    "github:NixOS/nixpkgs/nixpkgs-unstable": {
      "last_modified": "2025-10-09T02:37:25Z",
      "resolved": "github:NixOS/nixpkgs/2dad7af78a183b6c486702c18af8a9544f298377?lastModified=1759977445&narHash=sha256-LYr4IDfuihCkFAkSYz5%2F%2FgT2r1ewcWBYgd5AxPzPLIo%3D"
    },
    "nodejs_24@latest": {
      "last_modified": "2025-09-21T00:54:27Z",
      "plugin_version": "0.0.2",
      "resolved": "github:NixOS/nixpkgs/51c8f9cfaae8306d135095bcdb3df9027f95542d#nodejs_24",
      "source": "devbox-search",
      "version": "24.8.0",
      "systems": {
        "aarch64-darwin": {
          "outputs": [
            {
              "name": "out",
              "path": "/nix/store/cj8hvq7sqpsvjk7119w0w41sfp9606wx-nodejs-24.8.0",
              "default": true
            },
            {
              "name": "dev",
              "path": "/nix/store/smybrnlm3kfrfd03nsp01j3s25rjcn32-nodejs-24.8.0-dev"
            },
            {
              "name": "libv8",
              "path": "/nix/store/82fl9py60ms063fl5g98h9qi2c9zna9a-nodejs-24.8.0-libv8"
            }
          ],
          "store_path": "/nix/store/cj8hvq7sqpsvjk7119w0w41sfp9606wx-nodejs-24.8.0"
        },
        "aarch64-linux": {
          "outputs": [
            {
              "name": "out",
              "path": "/nix/store/855hdyp45b2k7dksv259w3m8fifcccz1-nodejs-24.8.0",
              "default": true
            },
            {
              "name": "dev",
              "path": "/nix/store/phz4mj4y3mdakkrp5334yppgs8lkkbhh-nodejs-24.8.0-dev"
            },
            {
              "name": "libv8",
              "path": "/nix/store/bmf3w1wdxbs63vmn71pi2icwfnimzx4z-nodejs-24.8.0-libv8"
            }
          ],
          "store_path": "/nix/store/855hdyp45b2k7dksv259w3m8fifcccz1-nodejs-24.8.0"
        },
        "x86_64-darwin": {
          "outputs": [
            {
              "name": "out",
              "path": "/nix/store/dzrcn8s95bfqigvyv4snpmbzlww4jb7v-nodejs-24.8.0",
              "default": true
            },
            {
              "name": "dev",
              "path": "/nix/store/b8whzzkhaxi31ysx8wdx50vzv01jcqzb-nodejs-24.8.0-dev"
            },
            {
              "name": "libv8",
              "path": "/nix/store/dhslzl533ik0maj8jiyl8rmsyv5iahig-nodejs-24.8.0-libv8"
            }
          ],
          "store_path": "/nix/store/dzrcn8s95bfqigvyv4snpmbzlww4jb7v-nodejs-24.8.0"
        },
        "x86_64-linux": {
          "outputs": [
            {
              "name": "out",
              "path": "/nix/store/a83yhhb3dibglaj5s80pxsr19s05d071-nodejs-24.8.0",
              "default": true
            },
            {
              "name": "dev",
              "path": "/nix/store/ggmz3g3yw7g5sv4j5f9lij3hxmdl2rai-nodejs-24.8.0-dev"
            },
            {
              "name": "libv8",
              "path": "/nix/store/9qhkgknw40n8kwcd5g5pw8fm0lbsd44q-nodejs-24.8.0-libv8"
            }
          ],
          "store_path": "/nix/store/a83yhhb3dibglaj5s80pxsr19s05d071-nodejs-24.8.0"
        }
      }
    },
    "pre-commit@2.20.0": {
      "last_modified": "2023-03-07T16:41:48Z",
      "resolved": "github:NixOS/nixpkgs/0ef02c4792fbde4b78957a46a8cb107b6c7aa3cc#pre-commit",
      "source": "devbox-search",
      "version": "2.20.0",
      "systems": {
        "aarch64-darwin": {
          "outputs": [
            {
              "name": "out",
              "path": "/nix/store/bgh6lr049kh9wpaxaxb9rj7f8xjz43y4-python3.10-pre-commit-2.20.0",
              "default": true
            },
            {
              "name": "dist",
              "path": "/nix/store/frw5iyvlh82g5l8sri8yw6r8rzsggrm5-python3.10-pre-commit-2.20.0-dist"
            }
          ],
          "store_path": "/nix/store/bgh6lr049kh9wpaxaxb9rj7f8xjz43y4-python3.10-pre-commit-2.20.0"
        },
        "aarch64-linux": {
          "outputs": [
            {
              "name": "out",
              "path": "/nix/store/9jbcd2fiqgxsrm4kny21gh91rnz7n6p5-python3.10-pre-commit-2.20.0",
              "default": true
            },
            {
              "name": "dist",
              "path": "/nix/store/4ssbyccyri780hirnhx850j6n06kfk11-python3.10-pre-commit-2.20.0-dist"
            }
          ],
          "store_path": "/nix/store/9jbcd2fiqgxsrm4kny21gh91rnz7n6p5-python3.10-pre-commit-2.20.0"
        },
        "x86_64-darwin": {
          "outputs": [
            {
              "name": "out",
              "path": "/nix/store/c89i5lrfnpw9cx8a8xhw9lliqfhwbhk8-python3.10-pre-commit-2.20.0",
              "default": true
            },
            {
              "name": "dist",
              "path": "/nix/store/vsg0xsrv09ciwxlvj6law731varpxz8b-python3.10-pre-commit-2.20.0-dist"
            }
          ],
          "store_path": "/nix/store/c89i5lrfnpw9cx8a8xhw9lliqfhwbhk8-python3.10-pre-commit-2.20.0"
        },
        "x86_64-linux": {
          "outputs": [
            {
              "name": "out",
              "path": "/nix/store/5z3izkb2h4gz8kmkar31w6r6aimmm3il-python3.10-pre-commit-2.20.0",
              "default": true
            },
            {
              "name": "dist",
              "path": "/nix/store/d4vcw8fc3sqndjs2vff9jkg2xqvpgydv-python3.10-pre-commit-2.20.0-dist"
            }
          ],
          "store_path": "/nix/store/5z3izkb2h4gz8kmkar31w6r6aimmm3il-python3.10-pre-commit-2.20.0"
        }
      }
    },
    "python@latest": {
      "last_modified": "2025-05-16T20:19:48Z",
      "plugin_version": "0.0.4",
      "resolved": "github:NixOS/nixpkgs/12a55407652e04dcf2309436eb06fef0d3713ef3#python313",
      "source": "devbox-search",
      "version": "3.13.3",
      "systems": {
        "aarch64-darwin": {
          "outputs": [
            {
              "name": "out",
              "path": "/nix/store/1a8xg8l3m67hxinxzzcsak9736qm9vsf-python3-3.13.3",
              "default": true
            }
          ],
          "store_path": "/nix/store/1a8xg8l3m67hxinxzzcsak9736qm9vsf-python3-3.13.3"
        },
        "aarch64-linux": {
          "outputs": [
            {
              "name": "out",
              "path": "/nix/store/yy0xvc2rydhrs0h1v8d7r3sql347xzz5-python3-3.13.3",
              "default": true
            },
            {
              "name": "debug",
              "path": "/nix/store/42bxfqfrh8cwspl7szr0cw8739xv8qlq-python3-3.13.3-debug"
            }
          ],
          "store_path": "/nix/store/yy0xvc2rydhrs0h1v8d7r3sql347xzz5-python3-3.13.3"
        },
        "x86_64-darwin": {
          "outputs": [
            {
              "name": "out",
              "path": "/nix/store/gbrigjhghz9v2p0zf9b2fnvs0g0yx7q4-python3-3.13.3",
              "default": true
            }
          ],
          "store_path": "/nix/store/gbrigjhghz9v2p0zf9b2fnvs0g0yx7q4-python3-3.13.3"
        },
        "x86_64-linux": {
          "outputs": [
            {
              "name": "out",
              "path": "/nix/store/2mab9iiwhcqwk75qwvp3zv0bvbiaq6cs-python3-3.13.3",
              "default": true
            },
            {
              "name": "debug",
              "path": "/nix/store/9z6k8ijl2md0y2n95yprbjj4vxbfsi15-python3-3.13.3-debug"
            }
          ],
          "store_path": "/nix/store/2mab9iiwhcqwk75qwvp3zv0bvbiaq6cs-python3-3.13.3"
        }
      }
    },
    "yarn@latest": {
      "last_modified": "2025-09-18T16:33:27Z",
      "resolved": "github:NixOS/nixpkgs/f4b140d5b253f5e2a1ff4e5506edbf8267724bde#yarn",
      "source": "devbox-search",
      "version": "1.22.22",
      "systems": {
        "aarch64-darwin": {
          "outputs": [
            {
              "name": "out",
              "path": "/nix/store/xskm9v0hn2chkhs965lc2l0inxw80l5y-yarn-1.22.22",
              "default": true
            }
          ],
          "store_path": "/nix/store/xskm9v0hn2chkhs965lc2l0inxw80l5y-yarn-1.22.22"
        },
        "aarch64-linux": {
          "outputs": [
            {
              "name": "out",
              "path": "/nix/store/367km1vp9ffpvq8xyyq94yci373dxqh3-yarn-1.22.22",
              "default": true
            }
          ],
          "store_path": "/nix/store/367km1vp9ffpvq8xyyq94yci373dxqh3-yarn-1.22.22"
        },
        "x86_64-darwin": {
          "outputs": [
            {
              "name": "out",
              "path": "/nix/store/2mfi6zyzwai51bf0qklp7z6af3lvvfz9-yarn-1.22.22",
              "default": true
            }
          ],
          "store_path": "/nix/store/2mfi6zyzwai51bf0qklp7z6af3lvvfz9-yarn-1.22.22"
        },
        "x86_64-linux": {
          "outputs": [
            {
              "name": "out",
              "path": "/nix/store/gc3fimj5cl8wviqdqdy9y6h9jdyasrlf-yarn-1.22.22",
              "default": true
            }
          ],
          "store_path": "/nix/store/gc3fimj5cl8wviqdqdy9y6h9jdyasrlf-yarn-1.22.22"
        }
      }
    }
  }
}
